
Microsoft Visual Studio Solution File, Format Version 12.00
# Visual Studio Version 17
VisualStudioVersion = 17.5.33627.172
MinimumVisualStudioVersion = 10.0.40219.1
Project("{FAE04EC0-301F-11D3-BF4B-00C04F79EFBC}") = "ADMS", "ADMS.csproj", "{FBC38266-40FE-49F7-A967-8C7026E9FA32}"
EndProject
Global
	GlobalSection(SolutionConfigurationPlatforms) = preSolution
		Debug|Any CPU = Debug|Any CPU
		Release|Any CPU = Release|Any CPU
	EndGlobalSection
	GlobalSection(ProjectConfigurationPlatforms) = postSolution
		{FBC38266-40FE-49F7-A967-8C7026E9FA32}.Debug|Any CPU.ActiveCfg = Debug|Any CPU
		{FBC38266-40FE-49F7-A967-8C7026E9FA32}.Debug|Any CPU.Build.0 = Debug|Any CPU
		{FBC38266-40FE-49F7-A967-8C7026E9FA32}.Release|Any CPU.ActiveCfg = Release|Any CPU
		{FBC38266-40FE-49F7-A967-8C7026E9FA32}.Release|Any CPU.Build.0 = Release|Any CPU
	EndGlobalSection
	GlobalSection(SolutionProperties) = preSolution
		HideSolutionNode = FALSE
	EndGlobalSection
	GlobalSection(ExtensibilityGlobals) = postSolution
		SolutionGuid = {CC2F7FA3-85D5-4C2D-B7D0-FBAEE8B6F274}
	EndGlobalSection
EndGlobal
